// !$*UTF8*$!
{
	archiveVersion = 1;
	classes = {
	};
	objectVersion = 77;
	objects = {

/* Begin PBXBuildFile section */
		F2C47B0D2CEADBCC00CBF479 /* CoreDataError.swift in Sources */ = {isa = PBXBuildFile; fileRef = F2C47AFB2CEADBCC00CBF479 /* CoreDataError.swift */; };
		F2C47B0E2CEADBCC00CBF479 /* NetworkError.swift in Sources */ = {isa = PBXBuildFile; fileRef = F2C47AFC2CEADBCC00CBF479 /* NetworkError.swift */; };
		F2C47B0F2CEADBCC00CBF479 /* UserListItem.swift in Sources */ = {isa = PBXBuildFile; fileRef = F2C47AFD2CEADBCC00CBF479 /* UserListItem.swift */; };
		F2C47B102CEADBCC00CBF479 /* UserRepositoryProtocol.swift in Sources */ = {isa = PBXBuildFile; fileRef = F2C47AFF2CEADBCC00CBF479 /* UserRepositoryProtocol.swift */; };
		F2C47B112CEADBCC00CBF479 /* UserListUsecase.swift in Sources */ = {isa = PBXBuildFile; fileRef = F2C47B012CEADBCC00CBF479 /* UserListUsecase.swift */; };
		F2C47B122CEADBCC00CBF479 /* CleanArchitectPractices.xcdatamodeld in Sources */ = {isa = PBXBuildFile; fileRef = F2C47B072CEADBCC00CBF479 /* CleanArchitectPractices.xcdatamodeld */; };
		F2C47B132CEADBCC00CBF479 /* CleanArchitectPracticesApp.swift in Sources */ = {isa = PBXBuildFile; fileRef = F2C47B082CEADBCC00CBF479 /* CleanArchitectPracticesApp.swift */; };
		F2C47B142CEADBCC00CBF479 /* ContentView.swift in Sources */ = {isa = PBXBuildFile; fileRef = F2C47B092CEADBCC00CBF479 /* ContentView.swift */; };
		F2C47B152CEADBCC00CBF479 /* Persistence.swift in Sources */ = {isa = PBXBuildFile; fileRef = F2C47B0A2CEADBCC00CBF479 /* Persistence.swift */; };
		F2C47B162CEADBCC00CBF479 /* Preview Assets.xcassets in Resources */ = {isa = PBXBuildFile; fileRef = F2C47B042CEADBCC00CBF479 /* Preview Assets.xcassets */; };
		F2C47B172CEADBCC00CBF479 /* Assets.xcassets in Resources */ = {isa = PBXBuildFile; fileRef = F2C47B062CEADBCC00CBF479 /* Assets.xcassets */; };
		F2C47B1A2CEADD5500CBF479 /* Kingfisher in Frameworks */ = {isa = PBXBuildFile; productRef = F2C47B192CEADD5500CBF479 /* Kingfisher */; };
		F2C47B1C2CEADD5800CBF479 /* SnapKit in Frameworks */ = {isa = PBXBuildFile; productRef = F2C47B1B2CEADD5800CBF479 /* SnapKit */; };
		F2C47B1E2CEADD5B00CBF479 /* Alamofire in Frameworks */ = {isa = PBXBuildFile; productRef = F2C47B1D2CEADD5B00CBF479 /* Alamofire */; };
/* End PBXBuildFile section */

/* Begin PBXContainerItemProxy section */
		F2E9373D2CEADA45005DBAE2 /* PBXContainerItemProxy */ = {
			isa = PBXContainerItemProxy;
			containerPortal = F2E9371F2CEADA43005DBAE2 /* Project object */;
			proxyType = 1;
			remoteGlobalIDString = F2E937262CEADA43005DBAE2;
			remoteInfo = CleanArchitectPractices;
		};
		F2E937472CEADA45005DBAE2 /* PBXContainerItemProxy */ = {
			isa = PBXContainerItemProxy;
			containerPortal = F2E9371F2CEADA43005DBAE2 /* Project object */;
			proxyType = 1;
			remoteGlobalIDString = F2E937262CEADA43005DBAE2;
			remoteInfo = CleanArchitectPractices;
		};
/* End PBXContainerItemProxy section */

/* Begin PBXFileReference section */
		F2C47AFB2CEADBCC00CBF479 /* CoreDataError.swift */ = {isa = PBXFileReference; lastKnownFileType = sourcecode.swift; path = CoreDataError.swift; sourceTree = "<group>"; };
		F2C47AFC2CEADBCC00CBF479 /* NetworkError.swift */ = {isa = PBXFileReference; lastKnownFileType = sourcecode.swift; path = NetworkError.swift; sourceTree = "<group>"; };
		F2C47AFD2CEADBCC00CBF479 /* UserListItem.swift */ = {isa = PBXFileReference; lastKnownFileType = sourcecode.swift; path = UserListItem.swift; sourceTree = "<group>"; };
		F2C47AFF2CEADBCC00CBF479 /* UserRepositoryProtocol.swift */ = {isa = PBXFileReference; lastKnownFileType = sourcecode.swift; path = UserRepositoryProtocol.swift; sourceTree = "<group>"; };
		F2C47B012CEADBCC00CBF479 /* UserListUsecase.swift */ = {isa = PBXFileReference; lastKnownFileType = sourcecode.swift; path = UserListUsecase.swift; sourceTree = "<group>"; };
		F2C47B042CEADBCC00CBF479 /* Preview Assets.xcassets */ = {isa = PBXFileReference; lastKnownFileType = folder.assetcatalog; path = "Preview Assets.xcassets"; sourceTree = "<group>"; };
		F2C47B062CEADBCC00CBF479 /* Assets.xcassets */ = {isa = PBXFileReference; lastKnownFileType = folder.assetcatalog; path = Assets.xcassets; sourceTree = "<group>"; };
		F2C47B082CEADBCC00CBF479 /* CleanArchitectPracticesApp.swift */ = {isa = PBXFileReference; lastKnownFileType = sourcecode.swift; path = CleanArchitectPracticesApp.swift; sourceTree = "<group>"; };
		F2C47B092CEADBCC00CBF479 /* ContentView.swift */ = {isa = PBXFileReference; lastKnownFileType = sourcecode.swift; path = ContentView.swift; sourceTree = "<group>"; };
		F2C47B0A2CEADBCC00CBF479 /* Persistence.swift */ = {isa = PBXFileReference; lastKnownFileType = sourcecode.swift; path = Persistence.swift; sourceTree = "<group>"; };
		F2C47B0C2CEADBCC00CBF479 /* CleanArchitectPractices.xcdatamodel */ = {isa = PBXFileReference; lastKnownFileType = wrapper.xcdatamodel; path = CleanArchitectPractices.xcdatamodel; sourceTree = "<group>"; };
		F2E937272CEADA43005DBAE2 /* CleanArchitectPractices.app */ = {isa = PBXFileReference; explicitFileType = wrapper.application; includeInIndex = 0; path = CleanArchitectPractices.app; sourceTree = BUILT_PRODUCTS_DIR; };
		F2E9373C2CEADA45005DBAE2 /* CleanArchitectPracticesTests.xctest */ = {isa = PBXFileReference; explicitFileType = wrapper.cfbundle; includeInIndex = 0; path = CleanArchitectPracticesTests.xctest; sourceTree = BUILT_PRODUCTS_DIR; };
		F2E937462CEADA45005DBAE2 /* CleanArchitectPracticesUITests.xctest */ = {isa = PBXFileReference; explicitFileType = wrapper.cfbundle; includeInIndex = 0; path = CleanArchitectPracticesUITests.xctest; sourceTree = BUILT_PRODUCTS_DIR; };
/* End PBXFileReference section */

/* Begin PBXFileSystemSynchronizedRootGroup section */
		F2E9373F2CEADA45005DBAE2 /* CleanArchitectPracticesTests */ = {
			isa = PBXFileSystemSynchronizedRootGroup;
			path = CleanArchitectPracticesTests;
			sourceTree = "<group>";
		};
		F2E937492CEADA45005DBAE2 /* CleanArchitectPracticesUITests */ = {
			isa = PBXFileSystemSynchronizedRootGroup;
			path = CleanArchitectPracticesUITests;
			sourceTree = "<group>";
		};
/* End PBXFileSystemSynchronizedRootGroup section */

/* Begin PBXFrameworksBuildPhase section */
		F2E937242CEADA43005DBAE2 /* Frameworks */ = {
			isa = PBXFrameworksBuildPhase;
			buildActionMask = 2147483647;
			files = (
				F2C47B1E2CEADD5B00CBF479 /* Alamofire in Frameworks */,
				F2C47B1A2CEADD5500CBF479 /* Kingfisher in Frameworks */,
				F2C47B1C2CEADD5800CBF479 /* SnapKit in Frameworks */,
			);
			runOnlyForDeploymentPostprocessing = 0;
		};
		F2E937392CEADA45005DBAE2 /* Frameworks */ = {
			isa = PBXFrameworksBuildPhase;
			buildActionMask = 2147483647;
			files = (
			);
			runOnlyForDeploymentPostprocessing = 0;
		};
		F2E937432CEADA45005DBAE2 /* Frameworks */ = {
			isa = PBXFrameworksBuildPhase;
			buildActionMask = 2147483647;
			files = (
			);
			runOnlyForDeploymentPostprocessing = 0;
		};
/* End PBXFrameworksBuildPhase section */

/* Begin PBXGroup section */
		F2C47AF72CEADBCC00CBF479 /* CoreData */ = {
			isa = PBXGroup;
			children = (
			);
			path = CoreData;
			sourceTree = "<group>";
		};
		F2C47AF82CEADBCC00CBF479 /* Network */ = {
			isa = PBXGroup;
			children = (
			);
			path = Network;
			sourceTree = "<group>";
		};
		F2C47AF92CEADBCC00CBF479 /* Repository */ = {
			isa = PBXGroup;
			children = (
			);
			path = Repository;
			sourceTree = "<group>";
		};
		F2C47AFA2CEADBCC00CBF479 /* Data */ = {
			isa = PBXGroup;
			children = (
				F2C47AF82CEADBCC00CBF479 /* Network */,
				F2C47AF72CEADBCC00CBF479 /* CoreData */,
				F2C47AF92CEADBCC00CBF479 /* Repository */,
			);
			path = Data;
			sourceTree = "<group>";
		};
		F2C47AFE2CEADBCC00CBF479 /* Entity */ = {
			isa = PBXGroup;
			children = (
				F2C47AFB2CEADBCC00CBF479 /* CoreDataError.swift */,
				F2C47AFC2CEADBCC00CBF479 /* NetworkError.swift */,
				F2C47AFD2CEADBCC00CBF479 /* UserListItem.swift */,
			);
			path = Entity;
			sourceTree = "<group>";
		};
		F2C47B002CEADBCC00CBF479 /* RepositoryProtocol */ = {
			isa = PBXGroup;
			children = (
				F2C47AFF2CEADBCC00CBF479 /* UserRepositoryProtocol.swift */,
			);
			path = RepositoryProtocol;
			sourceTree = "<group>";
		};
		F2C47B022CEADBCC00CBF479 /* Usecase */ = {
			isa = PBXGroup;
			children = (
				F2C47B012CEADBCC00CBF479 /* UserListUsecase.swift */,
			);
			path = Usecase;
			sourceTree = "<group>";
		};
		F2C47B032CEADBCC00CBF479 /* Domain */ = {
			isa = PBXGroup;
			children = (
				F2C47AFE2CEADBCC00CBF479 /* Entity */,
				F2C47B002CEADBCC00CBF479 /* RepositoryProtocol */,
				F2C47B022CEADBCC00CBF479 /* Usecase */,
			);
			path = Domain;
			sourceTree = "<group>";
		};
		F2C47B052CEADBCC00CBF479 /* Preview Content */ = {
			isa = PBXGroup;
			children = (
				F2C47B042CEADBCC00CBF479 /* Preview Assets.xcassets */,
			);
			path = "Preview Content";
			sourceTree = "<group>";
		};
		F2C47B0B2CEADBCC00CBF479 /* CleanArchitectPractices */ = {
			isa = PBXGroup;
			children = (
				F2C47AFA2CEADBCC00CBF479 /* Data */,
				F2C47B032CEADBCC00CBF479 /* Domain */,
				F2C47B052CEADBCC00CBF479 /* Preview Content */,
				F2C47B062CEADBCC00CBF479 /* Assets.xcassets */,
				F2C47B072CEADBCC00CBF479 /* CleanArchitectPractices.xcdatamodeld */,
				F2C47B082CEADBCC00CBF479 /* CleanArchitectPracticesApp.swift */,
				F2C47B092CEADBCC00CBF479 /* ContentView.swift */,
				F2C47B0A2CEADBCC00CBF479 /* Persistence.swift */,
			);
			path = CleanArchitectPractices;
			sourceTree = "<group>";
		};
		F2C47B182CEADD5500CBF479 /* Frameworks */ = {
			isa = PBXGroup;
			children = (
			);
			name = Frameworks;
			sourceTree = "<group>";
		};
		F2E9371E2CEADA43005DBAE2 = {
			isa = PBXGroup;
			children = (
				F2C47B0B2CEADBCC00CBF479 /* CleanArchitectPractices */,
				F2E9373F2CEADA45005DBAE2 /* CleanArchitectPracticesTests */,
				F2E937492CEADA45005DBAE2 /* CleanArchitectPracticesUITests */,
				F2C47B182CEADD5500CBF479 /* Frameworks */,
				F2E937282CEADA43005DBAE2 /* Products */,
			);
			sourceTree = "<group>";
		};
		F2E937282CEADA43005DBAE2 /* Products */ = {
			isa = PBXGroup;
			children = (
				F2E937272CEADA43005DBAE2 /* CleanArchitectPractices.app */,
				F2E9373C2CEADA45005DBAE2 /* CleanArchitectPracticesTests.xctest */,
				F2E937462CEADA45005DBAE2 /* CleanArchitectPracticesUITests.xctest */,
			);
			name = Products;
			sourceTree = "<group>";
		};
/* End PBXGroup section */

/* Begin PBXNativeTarget section */
		F2E937262CEADA43005DBAE2 /* CleanArchitectPractices */ = {
			isa = PBXNativeTarget;
			buildConfigurationList = F2E937502CEADA45005DBAE2 /* Build configuration list for PBXNativeTarget "CleanArchitectPractices" */;
			buildPhases = (
				F2E937232CEADA43005DBAE2 /* Sources */,
				F2E937242CEADA43005DBAE2 /* Frameworks */,
				F2E937252CEADA43005DBAE2 /* Resources */,
			);
			buildRules = (
			);
			dependencies = (
			);
			name = CleanArchitectPractices;
			packageProductDependencies = (
				F2C47B192CEADD5500CBF479 /* Kingfisher */,
				F2C47B1B2CEADD5800CBF479 /* SnapKit */,
				F2C47B1D2CEADD5B00CBF479 /* Alamofire */,
			);
			productName = CleanArchitectPractices;
			productReference = F2E937272CEADA43005DBAE2 /* CleanArchitectPractices.app */;
			productType = "com.apple.product-type.application";
		};
		F2E9373B2CEADA45005DBAE2 /* CleanArchitectPracticesTests */ = {
			isa = PBXNativeTarget;
			buildConfigurationList = F2E937532CEADA45005DBAE2 /* Build configuration list for PBXNativeTarget "CleanArchitectPracticesTests" */;
			buildPhases = (
				F2E937382CEADA45005DBAE2 /* Sources */,
				F2E937392CEADA45005DBAE2 /* Frameworks */,
				F2E9373A2CEADA45005DBAE2 /* Resources */,
			);
			buildRules = (
			);
			dependencies = (
				F2E9373E2CEADA45005DBAE2 /* PBXTargetDependency */,
			);
			fileSystemSynchronizedGroups = (
				F2E9373F2CEADA45005DBAE2 /* CleanArchitectPracticesTests */,
			);
			name = CleanArchitectPracticesTests;
			packageProductDependencies = (
			);
			productName = CleanArchitectPracticesTests;
			productReference = F2E9373C2CEADA45005DBAE2 /* CleanArchitectPracticesTests.xctest */;
			productType = "com.apple.product-type.bundle.unit-test";
		};
		F2E937452CEADA45005DBAE2 /* CleanArchitectPracticesUITests */ = {
			isa = PBXNativeTarget;
			buildConfigurationList = F2E937562CEADA45005DBAE2 /* Build configuration list for PBXNativeTarget "CleanArchitectPracticesUITests" */;
			buildPhases = (
				F2E937422CEADA45005DBAE2 /* Sources */,
				F2E937432CEADA45005DBAE2 /* Frameworks */,
				F2E937442CEADA45005DBAE2 /* Resources */,
			);
			buildRules = (
			);
			dependencies = (
				F2E937482CEADA45005DBAE2 /* PBXTargetDependency */,
			);
			fileSystemSynchronizedGroups = (
				F2E937492CEADA45005DBAE2 /* CleanArchitectPracticesUITests */,
			);
			name = CleanArchitectPracticesUITests;
			packageProductDependencies = (
			);
			productName = CleanArchitectPracticesUITests;
			productReference = F2E937462CEADA45005DBAE2 /* CleanArchitectPracticesUITests.xctest */;
			productType = "com.apple.product-type.bundle.ui-testing";
		};
/* End PBXNativeTarget section */

/* Begin PBXProject section */
		F2E9371F2CEADA43005DBAE2 /* Project object */ = {
			isa = PBXProject;
			attributes = {
				BuildIndependentTargetsInParallel = 1;
				LastSwiftUpdateCheck = 1600;
				LastUpgradeCheck = 1600;
				TargetAttributes = {
					F2E937262CEADA43005DBAE2 = {
						CreatedOnToolsVersion = 16.0;
					};
					F2E9373B2CEADA45005DBAE2 = {
						CreatedOnToolsVersion = 16.0;
						TestTargetID = F2E937262CEADA43005DBAE2;
					};
					F2E937452CEADA45005DBAE2 = {
						CreatedOnToolsVersion = 16.0;
						TestTargetID = F2E937262CEADA43005DBAE2;
					};
				};
			};
			buildConfigurationList = F2E937222CEADA43005DBAE2 /* Build configuration list for PBXProject "CleanArchitectPractices" */;
			developmentRegion = en;
			hasScannedForEncodings = 0;
			knownRegions = (
				en,
				Base,
			);
			mainGroup = F2E9371E2CEADA43005DBAE2;
			minimizedProjectReferenceProxies = 1;
			packageReferences = (
				F2E937792CEADB03005DBAE2 /* XCRemoteSwiftPackageReference "Kingfisher" */,
				F2E9377A2CEADB08005DBAE2 /* XCRemoteSwiftPackageReference "SnapKit" */,
				F2E9377B2CEADB22005DBAE2 /* XCRemoteSwiftPackageReference "Alamofire" */,
			);
			preferredProjectObjectVersion = 77;
			productRefGroup = F2E937282CEADA43005DBAE2 /* Products */;
			projectDirPath = "";
			projectRoot = "";
			targets = (
				F2E937262CEADA43005DBAE2 /* CleanArchitectPractices */,
				F2E9373B2CEADA45005DBAE2 /* CleanArchitectPracticesTests */,
				F2E937452CEADA45005DBAE2 /* CleanArchitectPracticesUITests */,
			);
		};
/* End PBXProject section */

/* Begin PBXResourcesBuildPhase section */
		F2E937252CEADA43005DBAE2 /* Resources */ = {
			isa = PBXResourcesBuildPhase;
			buildActionMask = 2147483647;
			files = (
				F2C47B162CEADBCC00CBF479 /* Preview Assets.xcassets in Resources */,
				F2C47B172CEADBCC00CBF479 /* Assets.xcassets in Resources */,
			);
			runOnlyForDeploymentPostprocessing = 0;
		};
		F2E9373A2CEADA45005DBAE2 /* Resources */ = {
			isa = PBXResourcesBuildPhase;
			buildActionMask = 2147483647;
			files = (
			);
			runOnlyForDeploymentPostprocessing = 0;
		};
		F2E937442CEADA45005DBAE2 /* Resources */ = {
			isa = PBXResourcesBuildPhase;
			buildActionMask = 2147483647;
			files = (
			);
			runOnlyForDeploymentPostprocessing = 0;
		};
/* End PBXResourcesBuildPhase section */

/* Begin PBXSourcesBuildPhase section */
		F2E937232CEADA43005DBAE2 /* Sources */ = {
			isa = PBXSourcesBuildPhase;
			buildActionMask = 2147483647;
			files = (
				F2C47B0D2CEADBCC00CBF479 /* CoreDataError.swift in Sources */,
				F2C47B0E2CEADBCC00CBF479 /* NetworkError.swift in Sources */,
				F2C47B0F2CEADBCC00CBF479 /* UserListItem.swift in Sources */,
				F2C47B102CEADBCC00CBF479 /* UserRepositoryProtocol.swift in Sources */,
				F2C47B112CEADBCC00CBF479 /* UserListUsecase.swift in Sources */,
				F2C47B122CEADBCC00CBF479 /* CleanArchitectPractices.xcdatamodeld in Sources */,
				F2C47B132CEADBCC00CBF479 /* CleanArchitectPracticesApp.swift in Sources */,
				F2C47B142CEADBCC00CBF479 /* ContentView.swift in Sources */,
				F2C47B152CEADBCC00CBF479 /* Persistence.swift in Sources */,
			);
			runOnlyForDeploymentPostprocessing = 0;
		};
		F2E937382CEADA45005DBAE2 /* Sources */ = {
			isa = PBXSourcesBuildPhase;
			buildActionMask = 2147483647;
			files = (
			);
			runOnlyForDeploymentPostprocessing = 0;
		};
		F2E937422CEADA45005DBAE2 /* Sources */ = {
			isa = PBXSourcesBuildPhase;
			buildActionMask = 2147483647;
			files = (
			);
			runOnlyForDeploymentPostprocessing = 0;
		};
/* End PBXSourcesBuildPhase section */

/* Begin PBXTargetDependency section */
		F2E9373E2CEADA45005DBAE2 /* PBXTargetDependency */ = {
			isa = PBXTargetDependency;
			target = F2E937262CEADA43005DBAE2 /* CleanArchitectPractices */;
			targetProxy = F2E9373D2CEADA45005DBAE2 /* PBXContainerItemProxy */;
		};
		F2E937482CEADA45005DBAE2 /* PBXTargetDependency */ = {
			isa = PBXTargetDependency;
			target = F2E937262CEADA43005DBAE2 /* CleanArchitectPractices */;
			targetProxy = F2E937472CEADA45005DBAE2 /* PBXContainerItemProxy */;
		};
/* End PBXTargetDependency section */

/* Begin XCBuildConfiguration section */
		F2E9374E2CEADA45005DBAE2 /* Debug */ = {
			isa = XCBuildConfiguration;
			buildSettings = {
				ALWAYS_SEARCH_USER_PATHS = NO;
				ASSETCATALOG_COMPILER_GENERATE_SWIFT_ASSET_SYMBOL_EXTENSIONS = YES;
				CLANG_ANALYZER_NONNULL = YES;
				CLANG_ANALYZER_NUMBER_OBJECT_CONVERSION = YES_AGGRESSIVE;
				CLANG_CXX_LANGUAGE_STANDARD = "gnu++20";
				CLANG_ENABLE_MODULES = YES;
				CLANG_ENABLE_OBJC_ARC = YES;
				CLANG_ENABLE_OBJC_WEAK = YES;
				CLANG_WARN_BLOCK_CAPTURE_AUTORELEASING = YES;
				CLANG_WARN_BOOL_CONVERSION = YES;
				CLANG_WARN_COMMA = YES;
				CLANG_WARN_CONSTANT_CONVERSION = YES;
				CLANG_WARN_DEPRECATED_OBJC_IMPLEMENTATIONS = YES;
				CLANG_WARN_DIRECT_OBJC_ISA_USAGE = YES_ERROR;
				CLANG_WARN_DOCUMENTATION_COMMENTS = YES;
				CLANG_WARN_EMPTY_BODY = YES;
				CLANG_WARN_ENUM_CONVERSION = YES;
				CLANG_WARN_INFINITE_RECURSION = YES;
				CLANG_WARN_INT_CONVERSION = YES;
				CLANG_WARN_NON_LITERAL_NULL_CONVERSION = YES;
				CLANG_WARN_OBJC_IMPLICIT_RETAIN_SELF = YES;
				CLANG_WARN_OBJC_LITERAL_CONVERSION = YES;
				CLANG_WARN_OBJC_ROOT_CLASS = YES_ERROR;
				CLANG_WARN_QUOTED_INCLUDE_IN_FRAMEWORK_HEADER = YES;
				CLANG_WARN_RANGE_LOOP_ANALYSIS = YES;
				CLANG_WARN_STRICT_PROTOTYPES = YES;
				CLANG_WARN_SUSPICIOUS_MOVE = YES;
				CLANG_WARN_UNGUARDED_AVAILABILITY = YES_AGGRESSIVE;
				CLANG_WARN_UNREACHABLE_CODE = YES;
				CLANG_WARN__DUPLICATE_METHOD_MATCH = YES;
				COPY_PHASE_STRIP = NO;
				DEBUG_INFORMATION_FORMAT = dwarf;
				ENABLE_STRICT_OBJC_MSGSEND = YES;
				ENABLE_TESTABILITY = YES;
				ENABLE_USER_SCRIPT_SANDBOXING = YES;
				GCC_C_LANGUAGE_STANDARD = gnu17;
				GCC_DYNAMIC_NO_PIC = NO;
				GCC_NO_COMMON_BLOCKS = YES;
				GCC_OPTIMIZATION_LEVEL = 0;
				GCC_PREPROCESSOR_DEFINITIONS = (
					"DEBUG=1",
					"$(inherited)",
				);
				GCC_WARN_64_TO_32_BIT_CONVERSION = YES;
				GCC_WARN_ABOUT_RETURN_TYPE = YES_ERROR;
				GCC_WARN_UNDECLARED_SELECTOR = YES;
				GCC_WARN_UNINITIALIZED_AUTOS = YES_AGGRESSIVE;
				GCC_WARN_UNUSED_FUNCTION = YES;
				GCC_WARN_UNUSED_VARIABLE = YES;
				IPHONEOS_DEPLOYMENT_TARGET = 18.0;
				LOCALIZATION_PREFERS_STRING_CATALOGS = YES;
				MTL_ENABLE_DEBUG_INFO = INCLUDE_SOURCE;
				MTL_FAST_MATH = YES;
				ONLY_ACTIVE_ARCH = YES;
				SDKROOT = iphoneos;
				SWIFT_ACTIVE_COMPILATION_CONDITIONS = "DEBUG $(inherited)";
				SWIFT_OPTIMIZATION_LEVEL = "-Onone";
			};
			name = Debug;
		};
		F2E9374F2CEADA45005DBAE2 /* Release */ = {
			isa = XCBuildConfiguration;
			buildSettings = {
				ALWAYS_SEARCH_USER_PATHS = NO;
				ASSETCATALOG_COMPILER_GENERATE_SWIFT_ASSET_SYMBOL_EXTENSIONS = YES;
				CLANG_ANALYZER_NONNULL = YES;
				CLANG_ANALYZER_NUMBER_OBJECT_CONVERSION = YES_AGGRESSIVE;
				CLANG_CXX_LANGUAGE_STANDARD = "gnu++20";
				CLANG_ENABLE_MODULES = YES;
				CLANG_ENABLE_OBJC_ARC = YES;
				CLANG_ENABLE_OBJC_WEAK = YES;
				CLANG_WARN_BLOCK_CAPTURE_AUTORELEASING = YES;
				CLANG_WARN_BOOL_CONVERSION = YES;
				CLANG_WARN_COMMA = YES;
				CLANG_WARN_CONSTANT_CONVERSION = YES;
				CLANG_WARN_DEPRECATED_OBJC_IMPLEMENTATIONS = YES;
				CLANG_WARN_DIRECT_OBJC_ISA_USAGE = YES_ERROR;
				CLANG_WARN_DOCUMENTATION_COMMENTS = YES;
				CLANG_WARN_EMPTY_BODY = YES;
				CLANG_WARN_ENUM_CONVERSION = YES;
				CLANG_WARN_INFINITE_RECURSION = YES;
				CLANG_WARN_INT_CONVERSION = YES;
				CLANG_WARN_NON_LITERAL_NULL_CONVERSION = YES;
				CLANG_WARN_OBJC_IMPLICIT_RETAIN_SELF = YES;
				CLANG_WARN_OBJC_LITERAL_CONVERSION = YES;
				CLANG_WARN_OBJC_ROOT_CLASS = YES_ERROR;
				CLANG_WARN_QUOTED_INCLUDE_IN_FRAMEWORK_HEADER = YES;
				CLANG_WARN_RANGE_LOOP_ANALYSIS = YES;
				CLANG_WARN_STRICT_PROTOTYPES = YES;
				CLANG_WARN_SUSPICIOUS_MOVE = YES;
				CLANG_WARN_UNGUARDED_AVAILABILITY = YES_AGGRESSIVE;
				CLANG_WARN_UNREACHABLE_CODE = YES;
				CLANG_WARN__DUPLICATE_METHOD_MATCH = YES;
				COPY_PHASE_STRIP = NO;
				DEBUG_INFORMATION_FORMAT = "dwarf-with-dsym";
				ENABLE_NS_ASSERTIONS = NO;
				ENABLE_STRICT_OBJC_MSGSEND = YES;
				ENABLE_USER_SCRIPT_SANDBOXING = YES;
				GCC_C_LANGUAGE_STANDARD = gnu17;
				GCC_NO_COMMON_BLOCKS = YES;
				GCC_WARN_64_TO_32_BIT_CONVERSION = YES;
				GCC_WARN_ABOUT_RETURN_TYPE = YES_ERROR;
				GCC_WARN_UNDECLARED_SELECTOR = YES;
				GCC_WARN_UNINITIALIZED_AUTOS = YES_AGGRESSIVE;
				GCC_WARN_UNUSED_FUNCTION = YES;
				GCC_WARN_UNUSED_VARIABLE = YES;
				IPHONEOS_DEPLOYMENT_TARGET = 18.0;
				LOCALIZATION_PREFERS_STRING_CATALOGS = YES;
				MTL_ENABLE_DEBUG_INFO = NO;
				MTL_FAST_MATH = YES;
				SDKROOT = iphoneos;
				SWIFT_COMPILATION_MODE = wholemodule;
				VALIDATE_PRODUCT = YES;
			};
			name = Release;
		};
		F2E937512CEADA45005DBAE2 /* Debug */ = {
			isa = XCBuildConfiguration;
			buildSettings = {
				ASSETCATALOG_COMPILER_APPICON_NAME = AppIcon;
				ASSETCATALOG_COMPILER_GLOBAL_ACCENT_COLOR_NAME = AccentColor;
				CODE_SIGN_STYLE = Automatic;
				CURRENT_PROJECT_VERSION = 1;
				DEVELOPMENT_ASSET_PATHS = "\"CleanArchitectPractices/Preview Content\"";
				DEVELOPMENT_TEAM = 5B8C4N7P6T;
				ENABLE_PREVIEWS = YES;
				GENERATE_INFOPLIST_FILE = YES;
				INFOPLIST_KEY_UIApplicationSceneManifest_Generation = YES;
				INFOPLIST_KEY_UIApplicationSupportsIndirectInputEvents = YES;
				INFOPLIST_KEY_UILaunchScreen_Generation = YES;
				INFOPLIST_KEY_UISupportedInterfaceOrientations_iPad = "UIInterfaceOrientationPortrait UIInterfaceOrientationPortraitUpsideDown UIInterfaceOrientationLandscapeLeft UIInterfaceOrientationLandscapeRight";
				INFOPLIST_KEY_UISupportedInterfaceOrientations_iPhone = "UIInterfaceOrientationPortrait UIInterfaceOrientationLandscapeLeft UIInterfaceOrientationLandscapeRight";
				LD_RUNPATH_SEARCH_PATHS = (
					"$(inherited)",
					"@executable_path/Frameworks",
				);
				MARKETING_VERSION = 1.0;
				PRODUCT_BUNDLE_IDENTIFIER = com.pnx.CleanArchitectPractices;
				PRODUCT_NAME = "$(TARGET_NAME)";
				SWIFT_EMIT_LOC_STRINGS = YES;
				SWIFT_VERSION = 5.0;
				TARGETED_DEVICE_FAMILY = "1,2";
			};
			name = Debug;
		};
		F2E937522CEADA45005DBAE2 /* Release */ = {
			isa = XCBuildConfiguration;
			buildSettings = {
				ASSETCATALOG_COMPILER_APPICON_NAME = AppIcon;
				ASSETCATALOG_COMPILER_GLOBAL_ACCENT_COLOR_NAME = AccentColor;
				CODE_SIGN_STYLE = Automatic;
				CURRENT_PROJECT_VERSION = 1;
				DEVELOPMENT_ASSET_PATHS = "\"CleanArchitectPractices/Preview Content\"";
				DEVELOPMENT_TEAM = 5B8C4N7P6T;
				ENABLE_PREVIEWS = YES;
				GENERATE_INFOPLIST_FILE = YES;
				INFOPLIST_KEY_UIApplicationSceneManifest_Generation = YES;
				INFOPLIST_KEY_UIApplicationSupportsIndirectInputEvents = YES;
				INFOPLIST_KEY_UILaunchScreen_Generation = YES;
				INFOPLIST_KEY_UISupportedInterfaceOrientations_iPad = "UIInterfaceOrientationPortrait UIInterfaceOrientationPortraitUpsideDown UIInterfaceOrientationLandscapeLeft UIInterfaceOrientationLandscapeRight";
				INFOPLIST_KEY_UISupportedInterfaceOrientations_iPhone = "UIInterfaceOrientationPortrait UIInterfaceOrientationLandscapeLeft UIInterfaceOrientationLandscapeRight";
				LD_RUNPATH_SEARCH_PATHS = (
					"$(inherited)",
					"@executable_path/Frameworks",
				);
				MARKETING_VERSION = 1.0;
				PRODUCT_BUNDLE_IDENTIFIER = com.pnx.CleanArchitectPractices;
				PRODUCT_NAME = "$(TARGET_NAME)";
				SWIFT_EMIT_LOC_STRINGS = YES;
				SWIFT_VERSION = 5.0;
				TARGETED_DEVICE_FAMILY = "1,2";
			};
			name = Release;
		};
		F2E937542CEADA45005DBAE2 /* Debug */ = {
			isa = XCBuildConfiguration;
			buildSettings = {
				BUNDLE_LOADER = "$(TEST_HOST)";
				CODE_SIGN_STYLE = Automatic;
				CURRENT_PROJECT_VERSION = 1;
				DEVELOPMENT_TEAM = 5B8C4N7P6T;
				GENERATE_INFOPLIST_FILE = YES;
				IPHONEOS_DEPLOYMENT_TARGET = 18.0;
				MARKETING_VERSION = 1.0;
				PRODUCT_BUNDLE_IDENTIFIER = com.pnx.CleanArchitectPracticesTests;
				PRODUCT_NAME = "$(TARGET_NAME)";
				SWIFT_EMIT_LOC_STRINGS = NO;
				SWIFT_VERSION = 5.0;
				TARGETED_DEVICE_FAMILY = "1,2";
				TEST_HOST = "$(BUILT_PRODUCTS_DIR)/CleanArchitectPractices.app/$(BUNDLE_EXECUTABLE_FOLDER_PATH)/CleanArchitectPractices";
			};
			name = Debug;
		};
		F2E937552CEADA45005DBAE2 /* Release */ = {
			isa = XCBuildConfiguration;
			buildSettings = {
				BUNDLE_LOADER = "$(TEST_HOST)";
				CODE_SIGN_STYLE = Automatic;
				CURRENT_PROJECT_VERSION = 1;
				DEVELOPMENT_TEAM = 5B8C4N7P6T;
				GENERATE_INFOPLIST_FILE = YES;
				IPHONEOS_DEPLOYMENT_TARGET = 18.0;
				MARKETING_VERSION = 1.0;
				PRODUCT_BUNDLE_IDENTIFIER = com.pnx.CleanArchitectPracticesTests;
				PRODUCT_NAME = "$(TARGET_NAME)";
				SWIFT_EMIT_LOC_STRINGS = NO;
				SWIFT_VERSION = 5.0;
				TARGETED_DEVICE_FAMILY = "1,2";
				TEST_HOST = "$(BUILT_PRODUCTS_DIR)/CleanArchitectPractices.app/$(BUNDLE_EXECUTABLE_FOLDER_PATH)/CleanArchitectPractices";
			};
			name = Release;
		};
		F2E937572CEADA45005DBAE2 /* Debug */ = {
			isa = XCBuildConfiguration;
			buildSettings = {
				CODE_SIGN_STYLE = Automatic;
				CURRENT_PROJECT_VERSION = 1;
				DEVELOPMENT_TEAM = 5B8C4N7P6T;
				GENERATE_INFOPLIST_FILE = YES;
				MARKETING_VERSION = 1.0;
				PRODUCT_BUNDLE_IDENTIFIER = com.pnx.CleanArchitectPracticesUITests;
				PRODUCT_NAME = "$(TARGET_NAME)";
				SWIFT_EMIT_LOC_STRINGS = NO;
				SWIFT_VERSION = 5.0;
				TARGETED_DEVICE_FAMILY = "1,2";
				TEST_TARGET_NAME = CleanArchitectPractices;
			};
			name = Debug;
		};
		F2E937582CEADA45005DBAE2 /* Release */ = {
			isa = XCBuildConfiguration;
			buildSettings = {
				CODE_SIGN_STYLE = Automatic;
				CURRENT_PROJECT_VERSION = 1;
				DEVELOPMENT_TEAM = 5B8C4N7P6T;
				GENERATE_INFOPLIST_FILE = YES;
				MARKETING_VERSION = 1.0;
				PRODUCT_BUNDLE_IDENTIFIER = com.pnx.CleanArchitectPracticesUITests;
				PRODUCT_NAME = "$(TARGET_NAME)";
				SWIFT_EMIT_LOC_STRINGS = NO;
				SWIFT_VERSION = 5.0;
				TARGETED_DEVICE_FAMILY = "1,2";
				TEST_TARGET_NAME = CleanArchitectPractices;
			};
			name = Release;
		};
/* End XCBuildConfiguration section */

/* Begin XCConfigurationList section */
		F2E937222CEADA43005DBAE2 /* Build configuration list for PBXProject "CleanArchitectPractices" */ = {
			isa = XCConfigurationList;
			buildConfigurations = (
				F2E9374E2CEADA45005DBAE2 /* Debug */,
				F2E9374F2CEADA45005DBAE2 /* Release */,
			);
			defaultConfigurationIsVisible = 0;
			defaultConfigurationName = Release;
		};
		F2E937502CEADA45005DBAE2 /* Build configuration list for PBXNativeTarget "CleanArchitectPractices" */ = {
			isa = XCConfigurationList;
			buildConfigurations = (
				F2E937512CEADA45005DBAE2 /* Debug */,
				F2E937522CEADA45005DBAE2 /* Release */,
			);
			defaultConfigurationIsVisible = 0;
			defaultConfigurationName = Release;
		};
		F2E937532CEADA45005DBAE2 /* Build configuration list for PBXNativeTarget "CleanArchitectPracticesTests" */ = {
			isa = XCConfigurationList;
			buildConfigurations = (
				F2E937542CEADA45005DBAE2 /* Debug */,
				F2E937552CEADA45005DBAE2 /* Release */,
			);
			defaultConfigurationIsVisible = 0;
			defaultConfigurationName = Release;
		};
		F2E937562CEADA45005DBAE2 /* Build configuration list for PBXNativeTarget "CleanArchitectPracticesUITests" */ = {
			isa = XCConfigurationList;
			buildConfigurations = (
				F2E937572CEADA45005DBAE2 /* Debug */,
				F2E937582CEADA45005DBAE2 /* Release */,
			);
			defaultConfigurationIsVisible = 0;
			defaultConfigurationName = Release;
		};
/* End XCConfigurationList section */

/* Begin XCRemoteSwiftPackageReference section */
		F2E937792CEADB03005DBAE2 /* XCRemoteSwiftPackageReference "Kingfisher" */ = {
			isa = XCRemoteSwiftPackageReference;
			repositoryURL = "https://github.com/onevcat/Kingfisher.git";
			requirement = {
				kind = upToNextMajorVersion;
				minimumVersion = 8.1.0;
			};
		};
		F2E9377A2CEADB08005DBAE2 /* XCRemoteSwiftPackageReference "SnapKit" */ = {
			isa = XCRemoteSwiftPackageReference;
			repositoryURL = "https://github.com/SnapKit/SnapKit.git";
			requirement = {
				kind = upToNextMajorVersion;
				minimumVersion = 5.7.1;
			};
		};
		F2E9377B2CEADB22005DBAE2 /* XCRemoteSwiftPackageReference "Alamofire" */ = {
			isa = XCRemoteSwiftPackageReference;
			repositoryURL = "https://github.com/Alamofire/Alamofire.git";
			requirement = {
				kind = upToNextMajorVersion;
				minimumVersion = 5.10.1;
			};
		};
/* End XCRemoteSwiftPackageReference section */

/* Begin XCSwiftPackageProductDependency section */
		F2C47B192CEADD5500CBF479 /* Kingfisher */ = {
			isa = XCSwiftPackageProductDependency;
			package = F2E937792CEADB03005DBAE2 /* XCRemoteSwiftPackageReference "Kingfisher" */;
			productName = Kingfisher;
		};
		F2C47B1B2CEADD5800CBF479 /* SnapKit */ = {
			isa = XCSwiftPackageProductDependency;
			package = F2E9377A2CEADB08005DBAE2 /* XCRemoteSwiftPackageReference "SnapKit" */;
			productName = SnapKit;
		};
		F2C47B1D2CEADD5B00CBF479 /* Alamofire */ = {
			isa = XCSwiftPackageProductDependency;
			package = F2E9377B2CEADB22005DBAE2 /* XCRemoteSwiftPackageReference "Alamofire" */;
			productName = Alamofire;
		};
/* End XCSwiftPackageProductDependency section */

/* Begin XCVersionGroup section */
		F2C47B072CEADBCC00CBF479 /* CleanArchitectPractices.xcdatamodeld */ = {
			isa = XCVersionGroup;
			children = (
				F2C47B0C2CEADBCC00CBF479 /* CleanArchitectPractices.xcdatamodel */,
			);
			currentVersion = F2C47B0C2CEADBCC00CBF479 /* CleanArchitectPractices.xcdatamodel */;
			path = CleanArchitectPractices.xcdatamodeld;
			sourceTree = "<group>";
			versionGroupType = wrapper.xcdatamodel;
		};
/* End XCVersionGroup section */
	};
	rootObject = F2E9371F2CEADA43005DBAE2 /* Project object */;
}
